
Microsoft Visual Studio Solution File, Format Version 12.00
# Visual Studio Version 16
VisualStudioVersion = 16.0.30621.155
MinimumVisualStudioVersion = 10.0.40219.1
Project("{9A19103F-16F7-4668-BE54-9A1E7A4F7556}") = "Test", "Test\Test.csproj", "{E75F0DE1-EA19-48CA-8DBC-7458B3DC2473}"
EndProject
Project("{8BC9CEB8-8B4A-11D0-8D11-00A0C91BC942}") = "TestCpp", "TestCpp\TestCpp.vcxproj", "{24AE6D87-A6FD-44FA-9FAC-8BB3B08CD62A}"
EndProject
Project("{FAE04EC0-301F-11D3-BF4B-00C04F79EFBC}") = "Test2", "Test2\Test2.csproj", "{53ED59C6-A4BE-4D49-81BA-FA22AB10AFCC}"
EndProject
Global
	GlobalSection(SolutionConfigurationPlatforms) = preSolution
		Debug|Any CPU = Debug|Any CPU
		Debug|x64 = Debug|x64
		Debug|x86 = Debug|x86
		Release|Any CPU = Release|Any CPU
		Release|x64 = Release|x64
		Release|x86 = Release|x86
	EndGlobalSection
	GlobalSection(ProjectConfigurationPlatforms) = postSolution
		{E75F0DE1-EA19-48CA-8DBC-7458B3DC2473}.Debug|Any CPU.ActiveCfg = Debug|Any CPU
		{E75F0DE1-EA19-48CA-8DBC-7458B3DC2473}.Debug|Any CPU.Build.0 = Debug|Any CPU
		{E75F0DE1-EA19-48CA-8DBC-7458B3DC2473}.Debug|x64.ActiveCfg = Debug|Any CPU
		{E75F0DE1-EA19-48CA-8DBC-7458B3DC2473}.Debug|x64.Build.0 = Debug|Any CPU
		{E75F0DE1-EA19-48CA-8DBC-7458B3DC2473}.Debug|x86.ActiveCfg = Debug|Any CPU
		{E75F0DE1-EA19-48CA-8DBC-7458B3DC2473}.Debug|x86.Build.0 = Debug|Any CPU
		{E75F0DE1-EA19-48CA-8DBC-7458B3DC2473}.Release|Any CPU.ActiveCfg = Release|Any CPU
		{E75F0DE1-EA19-48CA-8DBC-7458B3DC2473}.Release|Any CPU.Build.0 = Release|Any CPU
		{E75F0DE1-EA19-48CA-8DBC-7458B3DC2473}.Release|x64.ActiveCfg = Release|Any CPU
		{E75F0DE1-EA19-48CA-8DBC-7458B3DC2473}.Release|x64.Build.0 = Release|Any CPU
		{E75F0DE1-EA19-48CA-8DBC-7458B3DC2473}.Release|x86.ActiveCfg = Release|Any CPU
		{E75F0DE1-EA19-48CA-8DBC-7458B3DC2473}.Release|x86.Build.0 = Release|Any CPU
		{24AE6D87-A6FD-44FA-9FAC-8BB3B08CD62A}.Debug|Any CPU.ActiveCfg = Debug|Win32
		{24AE6D87-A6FD-44FA-9FAC-8BB3B08CD62A}.Debug|x64.ActiveCfg = Debug|x64
		{24AE6D87-A6FD-44FA-9FAC-8BB3B08CD62A}.Debug|x64.Build.0 = Debug|x64
		{24AE6D87-A6FD-44FA-9FAC-8BB3B08CD62A}.Debug|x86.ActiveCfg = Debug|Win32
		{24AE6D87-A6FD-44FA-9FAC-8BB3B08CD62A}.Debug|x86.Build.0 = Debug|Win32
		{24AE6D87-A6FD-44FA-9FAC-8BB3B08CD62A}.Release|Any CPU.ActiveCfg = Release|Win32
		{24AE6D87-A6FD-44FA-9FAC-8BB3B08CD62A}.Release|x64.ActiveCfg = Release|x64
		{24AE6D87-A6FD-44FA-9FAC-8BB3B08CD62A}.Release|x64.Build.0 = Release|x64
		{24AE6D87-A6FD-44FA-9FAC-8BB3B08CD62A}.Release|x86.ActiveCfg = Release|Win32
		{24AE6D87-A6FD-44FA-9FAC-8BB3B08CD62A}.Release|x86.Build.0 = Release|Win32
		{53ED59C6-A4BE-4D49-81BA-FA22AB10AFCC}.Debug|Any CPU.ActiveCfg = Debug|Any CPU
		{53ED59C6-A4BE-4D49-81BA-FA22AB10AFCC}.Debug|Any CPU.Build.0 = Debug|Any CPU
		{53ED59C6-A4BE-4D49-81BA-FA22AB10AFCC}.Debug|x64.ActiveCfg = Debug|Any CPU
		{53ED59C6-A4BE-4D49-81BA-FA22AB10AFCC}.Debug|x64.Build.0 = Debug|Any CPU
		{53ED59C6-A4BE-4D49-81BA-FA22AB10AFCC}.Debug|x86.ActiveCfg = Debug|Any CPU
		{53ED59C6-A4BE-4D49-81BA-FA22AB10AFCC}.Debug|x86.Build.0 = Debug|Any CPU
		{53ED59C6-A4BE-4D49-81BA-FA22AB10AFCC}.Release|Any CPU.ActiveCfg = Release|Any CPU
		{53ED59C6-A4BE-4D49-81BA-FA22AB10AFCC}.Release|Any CPU.Build.0 = Release|Any CPU
		{53ED59C6-A4BE-4D49-81BA-FA22AB10AFCC}.Release|x64.ActiveCfg = Release|Any CPU
		{53ED59C6-A4BE-4D49-81BA-FA22AB10AFCC}.Release|x64.Build.0 = Release|Any CPU
		{53ED59C6-A4BE-4D49-81BA-FA22AB10AFCC}.Release|x86.ActiveCfg = Release|Any CPU
		{53ED59C6-A4BE-4D49-81BA-FA22AB10AFCC}.Release|x86.Build.0 = Release|Any CPU
	EndGlobalSection
	GlobalSection(SolutionProperties) = preSolution
		HideSolutionNode = FALSE
	EndGlobalSection
	GlobalSection(ExtensibilityGlobals) = postSolution
		SolutionGuid = {A8933270-3989-48B7-9D5B-B55060B1150E}
	EndGlobalSection
EndGlobal
